
Microsoft Visual Studio Solution File, Format Version 12.00
# Visual Studio Version 16
VisualStudioVersion = 16.0.29123.88
MinimumVisualStudioVersion = 10.0.40219.1
Project("{9A19103F-16F7-4668-BE54-9A1E7A4F7556}") = "GoodToCode.Entity.WebApp", "Entity.WebApp\GoodToCode.Entity.WebApp.csproj", "{F08C0BAC-A589-4B06-93F6-5C767A0532A0}"
EndProject
Project("{9A19103F-16F7-4668-BE54-9A1E7A4F7556}") = "GoodToCode.Entity.WebServices", "Entity.WebServices\GoodToCode.Entity.WebServices.csproj", "{230DDA6A-6119-4024-8F2F-9A1FD537FFD3}"
EndProject
Global
	GlobalSection(SolutionConfigurationPlatforms) = preSolution
		Debug|Any CPU = Debug|Any CPU
		Release|Any CPU = Release|Any CPU
	EndGlobalSection
	GlobalSection(ProjectConfigurationPlatforms) = postSolution
		{F08C0BAC-A589-4B06-93F6-5C767A0532A0}.Debug|Any CPU.ActiveCfg = Debug|Any CPU
		{F08C0BAC-A589-4B06-93F6-5C767A0532A0}.Debug|Any CPU.Build.0 = Debug|Any CPU
		{F08C0BAC-A589-4B06-93F6-5C767A0532A0}.Release|Any CPU.ActiveCfg = Release|Any CPU
		{F08C0BAC-A589-4B06-93F6-5C767A0532A0}.Release|Any CPU.Build.0 = Release|Any CPU
		{230DDA6A-6119-4024-8F2F-9A1FD537FFD3}.Debug|Any CPU.ActiveCfg = Debug|Any CPU
		{230DDA6A-6119-4024-8F2F-9A1FD537FFD3}.Debug|Any CPU.Build.0 = Debug|Any CPU
		{230DDA6A-6119-4024-8F2F-9A1FD537FFD3}.Release|Any CPU.ActiveCfg = Release|Any CPU
		{230DDA6A-6119-4024-8F2F-9A1FD537FFD3}.Release|Any CPU.Build.0 = Release|Any CPU
	EndGlobalSection
	GlobalSection(SolutionProperties) = preSolution
		HideSolutionNode = FALSE
	EndGlobalSection
	GlobalSection(ExtensibilityGlobals) = postSolution
		SolutionGuid = {4E088952-E7AB-403B-813E-6A991E6A4FD8}
	EndGlobalSection
EndGlobal
