
Microsoft Visual Studio Solution File, Format Version 12.00
# Visual Studio Version 16
VisualStudioVersion = 16.0.29123.88
MinimumVisualStudioVersion = 10.0.40219.1
Project("{00D1A9C2-B5F0-4AF3-8072-F6C62B433612}") = "GoodToCode.Entity.Database", "Entity.Database\GoodToCode.Entity.Database.sqlproj", "{F8AA8218-1E36-483A-80B4-1BA49FD43E35}"
EndProject
Project("{9A19103F-16F7-4668-BE54-9A1E7A4F7556}") = "GoodToCode.Entity.Flows", "Entity.Flows\GoodToCode.Entity.Flows.csproj", "{598C9D8A-4678-4493-9B49-701485654D10}"
EndProject
Project("{9A19103F-16F7-4668-BE54-9A1E7A4F7556}") = "GoodToCode.Entity.Tests.MiddleTier", "Entity.Test.MiddleTier\GoodToCode.Entity.Tests.MiddleTier.csproj", "{A68BE8F1-ACB2-476D-81C9-BB35D1B995E5}"
EndProject
Project("{9A19103F-16F7-4668-BE54-9A1E7A4F7556}") = "GoodToCode.Entity.Tests.DataTier", "Entity.Test.DataTier\GoodToCode.Entity.Tests.DataTier.csproj", "{AE60D74D-73D1-4A7D-BC87-30627DF4CE0A}"
EndProject
Project("{9A19103F-16F7-4668-BE54-9A1E7A4F7556}") = "GoodToCode.Entity.Rules", "Entity.Rules\GoodToCode.Entity.Rules.csproj", "{7B5ED026-9433-4963-95FB-3839EB248CB0}"
EndProject
Project("{9A19103F-16F7-4668-BE54-9A1E7A4F7556}") = "GoodToCode.Entity.DataAccess", "Entity.DataAccess\GoodToCode.Entity.DataAccess.csproj", "{18775C40-E495-40F4-8E1A-BD8DF03032A7}"
EndProject
Project("{9A19103F-16F7-4668-BE54-9A1E7A4F7556}") = "GoodToCode.Entity.Abstractions", "Entity.Abstractions\GoodToCode.Entity.Abstractions.csproj", "{EF06706C-D157-470E-87E4-2020A9C12969}"
EndProject
Project("{2150E333-8FDC-42A3-9474-1A3956D46DE8}") = "_To-Be-Moved", "_To-Be-Moved", "{BAE37C28-83F5-4892-8542-CFA9D0F845FF}"
EndProject
Project("{9A19103F-16F7-4668-BE54-9A1E7A4F7556}") = "GoodToCode.Framework.Flows", "_To-Be-Moved\Framework.Flows\GoodToCode.Framework.Flows.csproj", "{477D52FE-3070-438B-AAFA-213B586522D5}"
EndProject
Project("{9A19103F-16F7-4668-BE54-9A1E7A4F7556}") = "GoodToCode.Entity.Dto", "Entity.Dto\GoodToCode.Entity.Dto.csproj", "{CDD46D3F-15D6-480D-80B2-391F71B103FE}"
EndProject
Project("{9A19103F-16F7-4668-BE54-9A1E7A4F7556}") = "GoodToCode.Entity.Tests.PresentationTier", "Entity.Test.PresentationTier\GoodToCode.Entity.Tests.PresentationTier.csproj", "{6048F4F7-FF9B-4BCD-B26B-18E2C6360067}"
EndProject
Global
	GlobalSection(SolutionConfigurationPlatforms) = preSolution
		Debug|Any CPU = Debug|Any CPU
		Debug|ARM = Debug|ARM
		Debug|x64 = Debug|x64
		Debug|x86 = Debug|x86
		Release|Any CPU = Release|Any CPU
		Release|ARM = Release|ARM
		Release|x64 = Release|x64
		Release|x86 = Release|x86
	EndGlobalSection
	GlobalSection(ProjectConfigurationPlatforms) = postSolution
		{F8AA8218-1E36-483A-80B4-1BA49FD43E35}.Debug|Any CPU.ActiveCfg = Debug|Any CPU
		{F8AA8218-1E36-483A-80B4-1BA49FD43E35}.Debug|Any CPU.Build.0 = Debug|Any CPU
		{F8AA8218-1E36-483A-80B4-1BA49FD43E35}.Debug|Any CPU.Deploy.0 = Debug|Any CPU
		{F8AA8218-1E36-483A-80B4-1BA49FD43E35}.Debug|ARM.ActiveCfg = Debug|Any CPU
		{F8AA8218-1E36-483A-80B4-1BA49FD43E35}.Debug|ARM.Build.0 = Debug|Any CPU
		{F8AA8218-1E36-483A-80B4-1BA49FD43E35}.Debug|ARM.Deploy.0 = Debug|Any CPU
		{F8AA8218-1E36-483A-80B4-1BA49FD43E35}.Debug|x64.ActiveCfg = Debug|Any CPU
		{F8AA8218-1E36-483A-80B4-1BA49FD43E35}.Debug|x64.Build.0 = Debug|Any CPU
		{F8AA8218-1E36-483A-80B4-1BA49FD43E35}.Debug|x64.Deploy.0 = Debug|Any CPU
		{F8AA8218-1E36-483A-80B4-1BA49FD43E35}.Debug|x86.ActiveCfg = Debug|Any CPU
		{F8AA8218-1E36-483A-80B4-1BA49FD43E35}.Debug|x86.Build.0 = Debug|Any CPU
		{F8AA8218-1E36-483A-80B4-1BA49FD43E35}.Debug|x86.Deploy.0 = Debug|Any CPU
		{F8AA8218-1E36-483A-80B4-1BA49FD43E35}.Release|Any CPU.ActiveCfg = Release|Any CPU
		{F8AA8218-1E36-483A-80B4-1BA49FD43E35}.Release|Any CPU.Build.0 = Release|Any CPU
		{F8AA8218-1E36-483A-80B4-1BA49FD43E35}.Release|Any CPU.Deploy.0 = Release|Any CPU
		{F8AA8218-1E36-483A-80B4-1BA49FD43E35}.Release|ARM.ActiveCfg = Release|Any CPU
		{F8AA8218-1E36-483A-80B4-1BA49FD43E35}.Release|ARM.Build.0 = Release|Any CPU
		{F8AA8218-1E36-483A-80B4-1BA49FD43E35}.Release|ARM.Deploy.0 = Release|Any CPU
		{F8AA8218-1E36-483A-80B4-1BA49FD43E35}.Release|x64.ActiveCfg = Release|Any CPU
		{F8AA8218-1E36-483A-80B4-1BA49FD43E35}.Release|x64.Build.0 = Release|Any CPU
		{F8AA8218-1E36-483A-80B4-1BA49FD43E35}.Release|x64.Deploy.0 = Release|Any CPU
		{F8AA8218-1E36-483A-80B4-1BA49FD43E35}.Release|x86.ActiveCfg = Release|Any CPU
		{F8AA8218-1E36-483A-80B4-1BA49FD43E35}.Release|x86.Build.0 = Release|Any CPU
		{F8AA8218-1E36-483A-80B4-1BA49FD43E35}.Release|x86.Deploy.0 = Release|Any CPU
		{598C9D8A-4678-4493-9B49-701485654D10}.Debug|Any CPU.ActiveCfg = Debug|Any CPU
		{598C9D8A-4678-4493-9B49-701485654D10}.Debug|Any CPU.Build.0 = Debug|Any CPU
		{598C9D8A-4678-4493-9B49-701485654D10}.Debug|ARM.ActiveCfg = Debug|Any CPU
		{598C9D8A-4678-4493-9B49-701485654D10}.Debug|ARM.Build.0 = Debug|Any CPU
		{598C9D8A-4678-4493-9B49-701485654D10}.Debug|x64.ActiveCfg = Debug|Any CPU
		{598C9D8A-4678-4493-9B49-701485654D10}.Debug|x64.Build.0 = Debug|Any CPU
		{598C9D8A-4678-4493-9B49-701485654D10}.Debug|x86.ActiveCfg = Debug|Any CPU
		{598C9D8A-4678-4493-9B49-701485654D10}.Debug|x86.Build.0 = Debug|Any CPU
		{598C9D8A-4678-4493-9B49-701485654D10}.Release|Any CPU.ActiveCfg = Release|Any CPU
		{598C9D8A-4678-4493-9B49-701485654D10}.Release|Any CPU.Build.0 = Release|Any CPU
		{598C9D8A-4678-4493-9B49-701485654D10}.Release|ARM.ActiveCfg = Release|Any CPU
		{598C9D8A-4678-4493-9B49-701485654D10}.Release|ARM.Build.0 = Release|Any CPU
		{598C9D8A-4678-4493-9B49-701485654D10}.Release|x64.ActiveCfg = Release|Any CPU
		{598C9D8A-4678-4493-9B49-701485654D10}.Release|x64.Build.0 = Release|Any CPU
		{598C9D8A-4678-4493-9B49-701485654D10}.Release|x86.ActiveCfg = Release|Any CPU
		{598C9D8A-4678-4493-9B49-701485654D10}.Release|x86.Build.0 = Release|Any CPU
		{A68BE8F1-ACB2-476D-81C9-BB35D1B995E5}.Debug|Any CPU.ActiveCfg = Debug|Any CPU
		{A68BE8F1-ACB2-476D-81C9-BB35D1B995E5}.Debug|Any CPU.Build.0 = Debug|Any CPU
		{A68BE8F1-ACB2-476D-81C9-BB35D1B995E5}.Debug|ARM.ActiveCfg = Debug|Any CPU
		{A68BE8F1-ACB2-476D-81C9-BB35D1B995E5}.Debug|ARM.Build.0 = Debug|Any CPU
		{A68BE8F1-ACB2-476D-81C9-BB35D1B995E5}.Debug|x64.ActiveCfg = Debug|Any CPU
		{A68BE8F1-ACB2-476D-81C9-BB35D1B995E5}.Debug|x64.Build.0 = Debug|Any CPU
		{A68BE8F1-ACB2-476D-81C9-BB35D1B995E5}.Debug|x86.ActiveCfg = Debug|Any CPU
		{A68BE8F1-ACB2-476D-81C9-BB35D1B995E5}.Debug|x86.Build.0 = Debug|Any CPU
		{A68BE8F1-ACB2-476D-81C9-BB35D1B995E5}.Release|Any CPU.ActiveCfg = Release|Any CPU
		{A68BE8F1-ACB2-476D-81C9-BB35D1B995E5}.Release|Any CPU.Build.0 = Release|Any CPU
		{A68BE8F1-ACB2-476D-81C9-BB35D1B995E5}.Release|ARM.ActiveCfg = Release|Any CPU
		{A68BE8F1-ACB2-476D-81C9-BB35D1B995E5}.Release|ARM.Build.0 = Release|Any CPU
		{A68BE8F1-ACB2-476D-81C9-BB35D1B995E5}.Release|x64.ActiveCfg = Release|Any CPU
		{A68BE8F1-ACB2-476D-81C9-BB35D1B995E5}.Release|x64.Build.0 = Release|Any CPU
		{A68BE8F1-ACB2-476D-81C9-BB35D1B995E5}.Release|x86.ActiveCfg = Release|Any CPU
		{A68BE8F1-ACB2-476D-81C9-BB35D1B995E5}.Release|x86.Build.0 = Release|Any CPU
		{AE60D74D-73D1-4A7D-BC87-30627DF4CE0A}.Debug|Any CPU.ActiveCfg = Debug|Any CPU
		{AE60D74D-73D1-4A7D-BC87-30627DF4CE0A}.Debug|Any CPU.Build.0 = Debug|Any CPU
		{AE60D74D-73D1-4A7D-BC87-30627DF4CE0A}.Debug|ARM.ActiveCfg = Debug|Any CPU
		{AE60D74D-73D1-4A7D-BC87-30627DF4CE0A}.Debug|ARM.Build.0 = Debug|Any CPU
		{AE60D74D-73D1-4A7D-BC87-30627DF4CE0A}.Debug|x64.ActiveCfg = Debug|Any CPU
		{AE60D74D-73D1-4A7D-BC87-30627DF4CE0A}.Debug|x64.Build.0 = Debug|Any CPU
		{AE60D74D-73D1-4A7D-BC87-30627DF4CE0A}.Debug|x86.ActiveCfg = Debug|Any CPU
		{AE60D74D-73D1-4A7D-BC87-30627DF4CE0A}.Debug|x86.Build.0 = Debug|Any CPU
		{AE60D74D-73D1-4A7D-BC87-30627DF4CE0A}.Release|Any CPU.ActiveCfg = Release|Any CPU
		{AE60D74D-73D1-4A7D-BC87-30627DF4CE0A}.Release|Any CPU.Build.0 = Release|Any CPU
		{AE60D74D-73D1-4A7D-BC87-30627DF4CE0A}.Release|ARM.ActiveCfg = Release|Any CPU
		{AE60D74D-73D1-4A7D-BC87-30627DF4CE0A}.Release|ARM.Build.0 = Release|Any CPU
		{AE60D74D-73D1-4A7D-BC87-30627DF4CE0A}.Release|x64.ActiveCfg = Release|Any CPU
		{AE60D74D-73D1-4A7D-BC87-30627DF4CE0A}.Release|x64.Build.0 = Release|Any CPU
		{AE60D74D-73D1-4A7D-BC87-30627DF4CE0A}.Release|x86.ActiveCfg = Release|Any CPU
		{AE60D74D-73D1-4A7D-BC87-30627DF4CE0A}.Release|x86.Build.0 = Release|Any CPU
		{7B5ED026-9433-4963-95FB-3839EB248CB0}.Debug|Any CPU.ActiveCfg = Debug|Any CPU
		{7B5ED026-9433-4963-95FB-3839EB248CB0}.Debug|Any CPU.Build.0 = Debug|Any CPU
		{7B5ED026-9433-4963-95FB-3839EB248CB0}.Debug|ARM.ActiveCfg = Debug|Any CPU
		{7B5ED026-9433-4963-95FB-3839EB248CB0}.Debug|ARM.Build.0 = Debug|Any CPU
		{7B5ED026-9433-4963-95FB-3839EB248CB0}.Debug|x64.ActiveCfg = Debug|Any CPU
		{7B5ED026-9433-4963-95FB-3839EB248CB0}.Debug|x64.Build.0 = Debug|Any CPU
		{7B5ED026-9433-4963-95FB-3839EB248CB0}.Debug|x86.ActiveCfg = Debug|Any CPU
		{7B5ED026-9433-4963-95FB-3839EB248CB0}.Debug|x86.Build.0 = Debug|Any CPU
		{7B5ED026-9433-4963-95FB-3839EB248CB0}.Release|Any CPU.ActiveCfg = Release|Any CPU
		{7B5ED026-9433-4963-95FB-3839EB248CB0}.Release|Any CPU.Build.0 = Release|Any CPU
		{7B5ED026-9433-4963-95FB-3839EB248CB0}.Release|ARM.ActiveCfg = Release|Any CPU
		{7B5ED026-9433-4963-95FB-3839EB248CB0}.Release|ARM.Build.0 = Release|Any CPU
		{7B5ED026-9433-4963-95FB-3839EB248CB0}.Release|x64.ActiveCfg = Release|Any CPU
		{7B5ED026-9433-4963-95FB-3839EB248CB0}.Release|x64.Build.0 = Release|Any CPU
		{7B5ED026-9433-4963-95FB-3839EB248CB0}.Release|x86.ActiveCfg = Release|Any CPU
		{7B5ED026-9433-4963-95FB-3839EB248CB0}.Release|x86.Build.0 = Release|Any CPU
		{18775C40-E495-40F4-8E1A-BD8DF03032A7}.Debug|Any CPU.ActiveCfg = Debug|Any CPU
		{18775C40-E495-40F4-8E1A-BD8DF03032A7}.Debug|Any CPU.Build.0 = Debug|Any CPU
		{18775C40-E495-40F4-8E1A-BD8DF03032A7}.Debug|ARM.ActiveCfg = Debug|Any CPU
		{18775C40-E495-40F4-8E1A-BD8DF03032A7}.Debug|ARM.Build.0 = Debug|Any CPU
		{18775C40-E495-40F4-8E1A-BD8DF03032A7}.Debug|x64.ActiveCfg = Debug|Any CPU
		{18775C40-E495-40F4-8E1A-BD8DF03032A7}.Debug|x64.Build.0 = Debug|Any CPU
		{18775C40-E495-40F4-8E1A-BD8DF03032A7}.Debug|x86.ActiveCfg = Debug|Any CPU
		{18775C40-E495-40F4-8E1A-BD8DF03032A7}.Debug|x86.Build.0 = Debug|Any CPU
		{18775C40-E495-40F4-8E1A-BD8DF03032A7}.Release|Any CPU.ActiveCfg = Release|Any CPU
		{18775C40-E495-40F4-8E1A-BD8DF03032A7}.Release|Any CPU.Build.0 = Release|Any CPU
		{18775C40-E495-40F4-8E1A-BD8DF03032A7}.Release|ARM.ActiveCfg = Release|Any CPU
		{18775C40-E495-40F4-8E1A-BD8DF03032A7}.Release|ARM.Build.0 = Release|Any CPU
		{18775C40-E495-40F4-8E1A-BD8DF03032A7}.Release|x64.ActiveCfg = Release|Any CPU
		{18775C40-E495-40F4-8E1A-BD8DF03032A7}.Release|x64.Build.0 = Release|Any CPU
		{18775C40-E495-40F4-8E1A-BD8DF03032A7}.Release|x86.ActiveCfg = Release|Any CPU
		{18775C40-E495-40F4-8E1A-BD8DF03032A7}.Release|x86.Build.0 = Release|Any CPU
		{EF06706C-D157-470E-87E4-2020A9C12969}.Debug|Any CPU.ActiveCfg = Debug|Any CPU
		{EF06706C-D157-470E-87E4-2020A9C12969}.Debug|Any CPU.Build.0 = Debug|Any CPU
		{EF06706C-D157-470E-87E4-2020A9C12969}.Debug|ARM.ActiveCfg = Debug|Any CPU
		{EF06706C-D157-470E-87E4-2020A9C12969}.Debug|ARM.Build.0 = Debug|Any CPU
		{EF06706C-D157-470E-87E4-2020A9C12969}.Debug|x64.ActiveCfg = Debug|Any CPU
		{EF06706C-D157-470E-87E4-2020A9C12969}.Debug|x64.Build.0 = Debug|Any CPU
		{EF06706C-D157-470E-87E4-2020A9C12969}.Debug|x86.ActiveCfg = Debug|Any CPU
		{EF06706C-D157-470E-87E4-2020A9C12969}.Debug|x86.Build.0 = Debug|Any CPU
		{EF06706C-D157-470E-87E4-2020A9C12969}.Release|Any CPU.ActiveCfg = Release|Any CPU
		{EF06706C-D157-470E-87E4-2020A9C12969}.Release|Any CPU.Build.0 = Release|Any CPU
		{EF06706C-D157-470E-87E4-2020A9C12969}.Release|ARM.ActiveCfg = Release|Any CPU
		{EF06706C-D157-470E-87E4-2020A9C12969}.Release|ARM.Build.0 = Release|Any CPU
		{EF06706C-D157-470E-87E4-2020A9C12969}.Release|x64.ActiveCfg = Release|Any CPU
		{EF06706C-D157-470E-87E4-2020A9C12969}.Release|x64.Build.0 = Release|Any CPU
		{EF06706C-D157-470E-87E4-2020A9C12969}.Release|x86.ActiveCfg = Release|Any CPU
		{EF06706C-D157-470E-87E4-2020A9C12969}.Release|x86.Build.0 = Release|Any CPU
		{477D52FE-3070-438B-AAFA-213B586522D5}.Debug|Any CPU.ActiveCfg = Debug|Any CPU
		{477D52FE-3070-438B-AAFA-213B586522D5}.Debug|Any CPU.Build.0 = Debug|Any CPU
		{477D52FE-3070-438B-AAFA-213B586522D5}.Debug|ARM.ActiveCfg = Debug|Any CPU
		{477D52FE-3070-438B-AAFA-213B586522D5}.Debug|ARM.Build.0 = Debug|Any CPU
		{477D52FE-3070-438B-AAFA-213B586522D5}.Debug|x64.ActiveCfg = Debug|Any CPU
		{477D52FE-3070-438B-AAFA-213B586522D5}.Debug|x64.Build.0 = Debug|Any CPU
		{477D52FE-3070-438B-AAFA-213B586522D5}.Debug|x86.ActiveCfg = Debug|Any CPU
		{477D52FE-3070-438B-AAFA-213B586522D5}.Debug|x86.Build.0 = Debug|Any CPU
		{477D52FE-3070-438B-AAFA-213B586522D5}.Release|Any CPU.ActiveCfg = Release|Any CPU
		{477D52FE-3070-438B-AAFA-213B586522D5}.Release|Any CPU.Build.0 = Release|Any CPU
		{477D52FE-3070-438B-AAFA-213B586522D5}.Release|ARM.ActiveCfg = Release|Any CPU
		{477D52FE-3070-438B-AAFA-213B586522D5}.Release|ARM.Build.0 = Release|Any CPU
		{477D52FE-3070-438B-AAFA-213B586522D5}.Release|x64.ActiveCfg = Release|Any CPU
		{477D52FE-3070-438B-AAFA-213B586522D5}.Release|x64.Build.0 = Release|Any CPU
		{477D52FE-3070-438B-AAFA-213B586522D5}.Release|x86.ActiveCfg = Release|Any CPU
		{477D52FE-3070-438B-AAFA-213B586522D5}.Release|x86.Build.0 = Release|Any CPU
		{CDD46D3F-15D6-480D-80B2-391F71B103FE}.Debug|Any CPU.ActiveCfg = Debug|Any CPU
		{CDD46D3F-15D6-480D-80B2-391F71B103FE}.Debug|Any CPU.Build.0 = Debug|Any CPU
		{CDD46D3F-15D6-480D-80B2-391F71B103FE}.Debug|ARM.ActiveCfg = Debug|Any CPU
		{CDD46D3F-15D6-480D-80B2-391F71B103FE}.Debug|ARM.Build.0 = Debug|Any CPU
		{CDD46D3F-15D6-480D-80B2-391F71B103FE}.Debug|x64.ActiveCfg = Debug|Any CPU
		{CDD46D3F-15D6-480D-80B2-391F71B103FE}.Debug|x64.Build.0 = Debug|Any CPU
		{CDD46D3F-15D6-480D-80B2-391F71B103FE}.Debug|x86.ActiveCfg = Debug|Any CPU
		{CDD46D3F-15D6-480D-80B2-391F71B103FE}.Debug|x86.Build.0 = Debug|Any CPU
		{CDD46D3F-15D6-480D-80B2-391F71B103FE}.Release|Any CPU.ActiveCfg = Release|Any CPU
		{CDD46D3F-15D6-480D-80B2-391F71B103FE}.Release|Any CPU.Build.0 = Release|Any CPU
		{CDD46D3F-15D6-480D-80B2-391F71B103FE}.Release|ARM.ActiveCfg = Release|Any CPU
		{CDD46D3F-15D6-480D-80B2-391F71B103FE}.Release|ARM.Build.0 = Release|Any CPU
		{CDD46D3F-15D6-480D-80B2-391F71B103FE}.Release|x64.ActiveCfg = Release|Any CPU
		{CDD46D3F-15D6-480D-80B2-391F71B103FE}.Release|x64.Build.0 = Release|Any CPU
		{CDD46D3F-15D6-480D-80B2-391F71B103FE}.Release|x86.ActiveCfg = Release|Any CPU
		{CDD46D3F-15D6-480D-80B2-391F71B103FE}.Release|x86.Build.0 = Release|Any CPU
		{6048F4F7-FF9B-4BCD-B26B-18E2C6360067}.Debug|Any CPU.ActiveCfg = Debug|Any CPU
		{6048F4F7-FF9B-4BCD-B26B-18E2C6360067}.Debug|Any CPU.Build.0 = Debug|Any CPU
		{6048F4F7-FF9B-4BCD-B26B-18E2C6360067}.Debug|ARM.ActiveCfg = Debug|Any CPU
		{6048F4F7-FF9B-4BCD-B26B-18E2C6360067}.Debug|ARM.Build.0 = Debug|Any CPU
		{6048F4F7-FF9B-4BCD-B26B-18E2C6360067}.Debug|x64.ActiveCfg = Debug|Any CPU
		{6048F4F7-FF9B-4BCD-B26B-18E2C6360067}.Debug|x64.Build.0 = Debug|Any CPU
		{6048F4F7-FF9B-4BCD-B26B-18E2C6360067}.Debug|x86.ActiveCfg = Debug|Any CPU
		{6048F4F7-FF9B-4BCD-B26B-18E2C6360067}.Debug|x86.Build.0 = Debug|Any CPU
		{6048F4F7-FF9B-4BCD-B26B-18E2C6360067}.Release|Any CPU.ActiveCfg = Release|Any CPU
		{6048F4F7-FF9B-4BCD-B26B-18E2C6360067}.Release|Any CPU.Build.0 = Release|Any CPU
		{6048F4F7-FF9B-4BCD-B26B-18E2C6360067}.Release|ARM.ActiveCfg = Release|Any CPU
		{6048F4F7-FF9B-4BCD-B26B-18E2C6360067}.Release|ARM.Build.0 = Release|Any CPU
		{6048F4F7-FF9B-4BCD-B26B-18E2C6360067}.Release|x64.ActiveCfg = Release|Any CPU
		{6048F4F7-FF9B-4BCD-B26B-18E2C6360067}.Release|x64.Build.0 = Release|Any CPU
		{6048F4F7-FF9B-4BCD-B26B-18E2C6360067}.Release|x86.ActiveCfg = Release|Any CPU
		{6048F4F7-FF9B-4BCD-B26B-18E2C6360067}.Release|x86.Build.0 = Release|Any CPU
	EndGlobalSection
	GlobalSection(SolutionProperties) = preSolution
		HideSolutionNode = FALSE
	EndGlobalSection
	GlobalSection(NestedProjects) = preSolution
		{477D52FE-3070-438B-AAFA-213B586522D5} = {BAE37C28-83F5-4892-8542-CFA9D0F845FF}
	EndGlobalSection
	GlobalSection(ExtensibilityGlobals) = postSolution
		SolutionGuid = {4E088952-E7AB-403B-813E-6A991E6A4FD8}
	EndGlobalSection
EndGlobal
