
Microsoft Visual Studio Solution File, Format Version 12.00
# Visual Studio Version 16
VisualStudioVersion = 16.0.29123.88
MinimumVisualStudioVersion = 10.0.40219.1
Project("{2150E333-8FDC-42A3-9474-1A3956D46DE8}") = "DataTier", "DataTier", "{E20B2508-368F-438B-8594-61B0478407F7}"
EndProject
Project("{2150E333-8FDC-42A3-9474-1A3956D46DE8}") = "MiddleTier", "MiddleTier", "{5DD41613-BD2B-4912-968E-6C3E68E99A5D}"
EndProject
Project("{2150E333-8FDC-42A3-9474-1A3956D46DE8}") = "PresentationTier", "PresentationTier", "{4121C2AA-ACD7-4403-90F3-4ECED0F284CC}"
EndProject
Project("{00D1A9C2-B5F0-4AF3-8072-F6C62B433612}") = "GoodToCode.Entity.Database", "DataTier\Entity.Database\GoodToCode.Entity.Database.sqlproj", "{F8AA8218-1E36-483A-80B4-1BA49FD43E35}"
EndProject
Project("{9A19103F-16F7-4668-BE54-9A1E7A4F7556}") = "GoodToCode.Entity.Flows", "MiddleTier\Entity.Flows\GoodToCode.Entity.Flows.csproj", "{598C9D8A-4678-4493-9B49-701485654D10}"
EndProject
Project("{2150E333-8FDC-42A3-9474-1A3956D46DE8}") = "Test", "Test", "{7D4E1969-280B-4B5E-B247-7C6AD9245861}"
EndProject
Project("{9A19103F-16F7-4668-BE54-9A1E7A4F7556}") = "GoodToCode.Entity.Test.MiddleTier", "Test\Entity.Test.MiddleTier\GoodToCode.Entity.Test.MiddleTier.csproj", "{A68BE8F1-ACB2-476D-81C9-BB35D1B995E5}"
EndProject
Project("{9A19103F-16F7-4668-BE54-9A1E7A4F7556}") = "GoodToCode.Entity.Test.DataTier", "Test\Entity.Test.DataTier\GoodToCode.Entity.Test.DataTier.csproj", "{AE60D74D-73D1-4A7D-BC87-30627DF4CE0A}"
EndProject
Project("{9A19103F-16F7-4668-BE54-9A1E7A4F7556}") = "GoodToCode.Entity.Rules", "MiddleTier\Entity.Rules\GoodToCode.Entity.Rules.csproj", "{7B5ED026-9433-4963-95FB-3839EB248CB0}"
EndProject
Project("{9A19103F-16F7-4668-BE54-9A1E7A4F7556}") = "GoodToCode.Entity.DataAccess", "DataTier\Entity.DataAccess\GoodToCode.Entity.DataAccess.csproj", "{18775C40-E495-40F4-8E1A-BD8DF03032A7}"
EndProject
Project("{9A19103F-16F7-4668-BE54-9A1E7A4F7556}") = "GoodToCode.Entity.Models", "MiddleTier\Entity.Models\GoodToCode.Entity.Models.csproj", "{DCE0CFD0-2617-4061-A2EA-2BF12DD1C4A2}"
EndProject
Project("{2150E333-8FDC-42A3-9474-1A3956D46DE8}") = "Common", "Common", "{CB37100C-1CDD-4169-8E68-16B643955DF6}"
EndProject
Project("{9A19103F-16F7-4668-BE54-9A1E7A4F7556}") = "GoodToCode.Entity.WebServices", "PresentationTier\Entity.WebServices\GoodToCode.Entity.WebServices.csproj", "{465C963C-6921-4F51-9FE7-78C0A0B11E37}"
EndProject
Project("{9A19103F-16F7-4668-BE54-9A1E7A4F7556}") = "GoodToCode.Entity.Abstractions", "Common\Entity.Abstractions\GoodToCode.Entity.Abstractions.csproj", "{EF06706C-D157-470E-87E4-2020A9C12969}"
EndProject
Project("{FAE04EC0-301F-11D3-BF4B-00C04F79EFBC}") = "GoodToCode.Entity.WebApp", "PresentationTier\Entity.WebApp\GoodToCode.Entity.WebApp.csproj", "{BDC5BA71-8084-4C43-AF79-8D400AC5E751}"
EndProject
Project("{2150E333-8FDC-42A3-9474-1A3956D46DE8}") = "_To-Be-Moved", "_To-Be-Moved", "{BAE37C28-83F5-4892-8542-CFA9D0F845FF}"
EndProject
Project("{9A19103F-16F7-4668-BE54-9A1E7A4F7556}") = "GoodToCode.Framework.Flows", "Common\Framework.Flows\GoodToCode.Framework.Flows.csproj", "{477D52FE-3070-438B-AAFA-213B586522D5}"
EndProject
Project("{9A19103F-16F7-4668-BE54-9A1E7A4F7556}") = "GoodToCode.Framework.Messaging", "Common\Framework.Messaging\GoodToCode.Framework.Messaging.csproj", "{6AEB3AFF-3D3B-45F5-AD0D-80F2A85DE1A3}"
EndProject
Project("{9A19103F-16F7-4668-BE54-9A1E7A4F7556}") = "GoodToCode.Framework.Hosting", "Common\Framework.Hosting\GoodToCode.Framework.Hosting.csproj", "{6F6DF578-72A9-4014-A4DD-DB80DF355E0D}"
EndProject
Global
	GlobalSection(SolutionConfigurationPlatforms) = preSolution
		Debug|Any CPU = Debug|Any CPU
		Debug|ARM = Debug|ARM
		Debug|x64 = Debug|x64
		Debug|x86 = Debug|x86
		Release|Any CPU = Release|Any CPU
		Release|ARM = Release|ARM
		Release|x64 = Release|x64
		Release|x86 = Release|x86
	EndGlobalSection
	GlobalSection(ProjectConfigurationPlatforms) = postSolution
		{F8AA8218-1E36-483A-80B4-1BA49FD43E35}.Debug|Any CPU.ActiveCfg = Debug|Any CPU
		{F8AA8218-1E36-483A-80B4-1BA49FD43E35}.Debug|Any CPU.Build.0 = Debug|Any CPU
		{F8AA8218-1E36-483A-80B4-1BA49FD43E35}.Debug|Any CPU.Deploy.0 = Debug|Any CPU
		{F8AA8218-1E36-483A-80B4-1BA49FD43E35}.Debug|ARM.ActiveCfg = Debug|Any CPU
		{F8AA8218-1E36-483A-80B4-1BA49FD43E35}.Debug|ARM.Build.0 = Debug|Any CPU
		{F8AA8218-1E36-483A-80B4-1BA49FD43E35}.Debug|ARM.Deploy.0 = Debug|Any CPU
		{F8AA8218-1E36-483A-80B4-1BA49FD43E35}.Debug|x64.ActiveCfg = Debug|Any CPU
		{F8AA8218-1E36-483A-80B4-1BA49FD43E35}.Debug|x64.Build.0 = Debug|Any CPU
		{F8AA8218-1E36-483A-80B4-1BA49FD43E35}.Debug|x64.Deploy.0 = Debug|Any CPU
		{F8AA8218-1E36-483A-80B4-1BA49FD43E35}.Debug|x86.ActiveCfg = Debug|Any CPU
		{F8AA8218-1E36-483A-80B4-1BA49FD43E35}.Debug|x86.Build.0 = Debug|Any CPU
		{F8AA8218-1E36-483A-80B4-1BA49FD43E35}.Debug|x86.Deploy.0 = Debug|Any CPU
		{F8AA8218-1E36-483A-80B4-1BA49FD43E35}.Release|Any CPU.ActiveCfg = Release|Any CPU
		{F8AA8218-1E36-483A-80B4-1BA49FD43E35}.Release|Any CPU.Build.0 = Release|Any CPU
		{F8AA8218-1E36-483A-80B4-1BA49FD43E35}.Release|Any CPU.Deploy.0 = Release|Any CPU
		{F8AA8218-1E36-483A-80B4-1BA49FD43E35}.Release|ARM.ActiveCfg = Release|Any CPU
		{F8AA8218-1E36-483A-80B4-1BA49FD43E35}.Release|ARM.Build.0 = Release|Any CPU
		{F8AA8218-1E36-483A-80B4-1BA49FD43E35}.Release|ARM.Deploy.0 = Release|Any CPU
		{F8AA8218-1E36-483A-80B4-1BA49FD43E35}.Release|x64.ActiveCfg = Release|Any CPU
		{F8AA8218-1E36-483A-80B4-1BA49FD43E35}.Release|x64.Build.0 = Release|Any CPU
		{F8AA8218-1E36-483A-80B4-1BA49FD43E35}.Release|x64.Deploy.0 = Release|Any CPU
		{F8AA8218-1E36-483A-80B4-1BA49FD43E35}.Release|x86.ActiveCfg = Release|Any CPU
		{F8AA8218-1E36-483A-80B4-1BA49FD43E35}.Release|x86.Build.0 = Release|Any CPU
		{F8AA8218-1E36-483A-80B4-1BA49FD43E35}.Release|x86.Deploy.0 = Release|Any CPU
		{598C9D8A-4678-4493-9B49-701485654D10}.Debug|Any CPU.ActiveCfg = Debug|Any CPU
		{598C9D8A-4678-4493-9B49-701485654D10}.Debug|Any CPU.Build.0 = Debug|Any CPU
		{598C9D8A-4678-4493-9B49-701485654D10}.Debug|ARM.ActiveCfg = Debug|Any CPU
		{598C9D8A-4678-4493-9B49-701485654D10}.Debug|ARM.Build.0 = Debug|Any CPU
		{598C9D8A-4678-4493-9B49-701485654D10}.Debug|x64.ActiveCfg = Debug|Any CPU
		{598C9D8A-4678-4493-9B49-701485654D10}.Debug|x64.Build.0 = Debug|Any CPU
		{598C9D8A-4678-4493-9B49-701485654D10}.Debug|x86.ActiveCfg = Debug|Any CPU
		{598C9D8A-4678-4493-9B49-701485654D10}.Debug|x86.Build.0 = Debug|Any CPU
		{598C9D8A-4678-4493-9B49-701485654D10}.Release|Any CPU.ActiveCfg = Release|Any CPU
		{598C9D8A-4678-4493-9B49-701485654D10}.Release|Any CPU.Build.0 = Release|Any CPU
		{598C9D8A-4678-4493-9B49-701485654D10}.Release|ARM.ActiveCfg = Release|Any CPU
		{598C9D8A-4678-4493-9B49-701485654D10}.Release|ARM.Build.0 = Release|Any CPU
		{598C9D8A-4678-4493-9B49-701485654D10}.Release|x64.ActiveCfg = Release|Any CPU
		{598C9D8A-4678-4493-9B49-701485654D10}.Release|x64.Build.0 = Release|Any CPU
		{598C9D8A-4678-4493-9B49-701485654D10}.Release|x86.ActiveCfg = Release|Any CPU
		{598C9D8A-4678-4493-9B49-701485654D10}.Release|x86.Build.0 = Release|Any CPU
		{A68BE8F1-ACB2-476D-81C9-BB35D1B995E5}.Debug|Any CPU.ActiveCfg = Debug|Any CPU
		{A68BE8F1-ACB2-476D-81C9-BB35D1B995E5}.Debug|Any CPU.Build.0 = Debug|Any CPU
		{A68BE8F1-ACB2-476D-81C9-BB35D1B995E5}.Debug|ARM.ActiveCfg = Debug|Any CPU
		{A68BE8F1-ACB2-476D-81C9-BB35D1B995E5}.Debug|ARM.Build.0 = Debug|Any CPU
		{A68BE8F1-ACB2-476D-81C9-BB35D1B995E5}.Debug|x64.ActiveCfg = Debug|Any CPU
		{A68BE8F1-ACB2-476D-81C9-BB35D1B995E5}.Debug|x64.Build.0 = Debug|Any CPU
		{A68BE8F1-ACB2-476D-81C9-BB35D1B995E5}.Debug|x86.ActiveCfg = Debug|Any CPU
		{A68BE8F1-ACB2-476D-81C9-BB35D1B995E5}.Debug|x86.Build.0 = Debug|Any CPU
		{A68BE8F1-ACB2-476D-81C9-BB35D1B995E5}.Release|Any CPU.ActiveCfg = Release|Any CPU
		{A68BE8F1-ACB2-476D-81C9-BB35D1B995E5}.Release|Any CPU.Build.0 = Release|Any CPU
		{A68BE8F1-ACB2-476D-81C9-BB35D1B995E5}.Release|ARM.ActiveCfg = Release|Any CPU
		{A68BE8F1-ACB2-476D-81C9-BB35D1B995E5}.Release|ARM.Build.0 = Release|Any CPU
		{A68BE8F1-ACB2-476D-81C9-BB35D1B995E5}.Release|x64.ActiveCfg = Release|Any CPU
		{A68BE8F1-ACB2-476D-81C9-BB35D1B995E5}.Release|x64.Build.0 = Release|Any CPU
		{A68BE8F1-ACB2-476D-81C9-BB35D1B995E5}.Release|x86.ActiveCfg = Release|Any CPU
		{A68BE8F1-ACB2-476D-81C9-BB35D1B995E5}.Release|x86.Build.0 = Release|Any CPU
		{AE60D74D-73D1-4A7D-BC87-30627DF4CE0A}.Debug|Any CPU.ActiveCfg = Debug|Any CPU
		{AE60D74D-73D1-4A7D-BC87-30627DF4CE0A}.Debug|Any CPU.Build.0 = Debug|Any CPU
		{AE60D74D-73D1-4A7D-BC87-30627DF4CE0A}.Debug|ARM.ActiveCfg = Debug|Any CPU
		{AE60D74D-73D1-4A7D-BC87-30627DF4CE0A}.Debug|ARM.Build.0 = Debug|Any CPU
		{AE60D74D-73D1-4A7D-BC87-30627DF4CE0A}.Debug|x64.ActiveCfg = Debug|Any CPU
		{AE60D74D-73D1-4A7D-BC87-30627DF4CE0A}.Debug|x64.Build.0 = Debug|Any CPU
		{AE60D74D-73D1-4A7D-BC87-30627DF4CE0A}.Debug|x86.ActiveCfg = Debug|Any CPU
		{AE60D74D-73D1-4A7D-BC87-30627DF4CE0A}.Debug|x86.Build.0 = Debug|Any CPU
		{AE60D74D-73D1-4A7D-BC87-30627DF4CE0A}.Release|Any CPU.ActiveCfg = Release|Any CPU
		{AE60D74D-73D1-4A7D-BC87-30627DF4CE0A}.Release|Any CPU.Build.0 = Release|Any CPU
		{AE60D74D-73D1-4A7D-BC87-30627DF4CE0A}.Release|ARM.ActiveCfg = Release|Any CPU
		{AE60D74D-73D1-4A7D-BC87-30627DF4CE0A}.Release|ARM.Build.0 = Release|Any CPU
		{AE60D74D-73D1-4A7D-BC87-30627DF4CE0A}.Release|x64.ActiveCfg = Release|Any CPU
		{AE60D74D-73D1-4A7D-BC87-30627DF4CE0A}.Release|x64.Build.0 = Release|Any CPU
		{AE60D74D-73D1-4A7D-BC87-30627DF4CE0A}.Release|x86.ActiveCfg = Release|Any CPU
		{AE60D74D-73D1-4A7D-BC87-30627DF4CE0A}.Release|x86.Build.0 = Release|Any CPU
		{7B5ED026-9433-4963-95FB-3839EB248CB0}.Debug|Any CPU.ActiveCfg = Debug|Any CPU
		{7B5ED026-9433-4963-95FB-3839EB248CB0}.Debug|Any CPU.Build.0 = Debug|Any CPU
		{7B5ED026-9433-4963-95FB-3839EB248CB0}.Debug|ARM.ActiveCfg = Debug|Any CPU
		{7B5ED026-9433-4963-95FB-3839EB248CB0}.Debug|ARM.Build.0 = Debug|Any CPU
		{7B5ED026-9433-4963-95FB-3839EB248CB0}.Debug|x64.ActiveCfg = Debug|Any CPU
		{7B5ED026-9433-4963-95FB-3839EB248CB0}.Debug|x64.Build.0 = Debug|Any CPU
		{7B5ED026-9433-4963-95FB-3839EB248CB0}.Debug|x86.ActiveCfg = Debug|Any CPU
		{7B5ED026-9433-4963-95FB-3839EB248CB0}.Debug|x86.Build.0 = Debug|Any CPU
		{7B5ED026-9433-4963-95FB-3839EB248CB0}.Release|Any CPU.ActiveCfg = Release|Any CPU
		{7B5ED026-9433-4963-95FB-3839EB248CB0}.Release|Any CPU.Build.0 = Release|Any CPU
		{7B5ED026-9433-4963-95FB-3839EB248CB0}.Release|ARM.ActiveCfg = Release|Any CPU
		{7B5ED026-9433-4963-95FB-3839EB248CB0}.Release|ARM.Build.0 = Release|Any CPU
		{7B5ED026-9433-4963-95FB-3839EB248CB0}.Release|x64.ActiveCfg = Release|Any CPU
		{7B5ED026-9433-4963-95FB-3839EB248CB0}.Release|x64.Build.0 = Release|Any CPU
		{7B5ED026-9433-4963-95FB-3839EB248CB0}.Release|x86.ActiveCfg = Release|Any CPU
		{7B5ED026-9433-4963-95FB-3839EB248CB0}.Release|x86.Build.0 = Release|Any CPU
		{18775C40-E495-40F4-8E1A-BD8DF03032A7}.Debug|Any CPU.ActiveCfg = Debug|Any CPU
		{18775C40-E495-40F4-8E1A-BD8DF03032A7}.Debug|Any CPU.Build.0 = Debug|Any CPU
		{18775C40-E495-40F4-8E1A-BD8DF03032A7}.Debug|ARM.ActiveCfg = Debug|Any CPU
		{18775C40-E495-40F4-8E1A-BD8DF03032A7}.Debug|ARM.Build.0 = Debug|Any CPU
		{18775C40-E495-40F4-8E1A-BD8DF03032A7}.Debug|x64.ActiveCfg = Debug|Any CPU
		{18775C40-E495-40F4-8E1A-BD8DF03032A7}.Debug|x64.Build.0 = Debug|Any CPU
		{18775C40-E495-40F4-8E1A-BD8DF03032A7}.Debug|x86.ActiveCfg = Debug|Any CPU
		{18775C40-E495-40F4-8E1A-BD8DF03032A7}.Debug|x86.Build.0 = Debug|Any CPU
		{18775C40-E495-40F4-8E1A-BD8DF03032A7}.Release|Any CPU.ActiveCfg = Release|Any CPU
		{18775C40-E495-40F4-8E1A-BD8DF03032A7}.Release|Any CPU.Build.0 = Release|Any CPU
		{18775C40-E495-40F4-8E1A-BD8DF03032A7}.Release|ARM.ActiveCfg = Release|Any CPU
		{18775C40-E495-40F4-8E1A-BD8DF03032A7}.Release|ARM.Build.0 = Release|Any CPU
		{18775C40-E495-40F4-8E1A-BD8DF03032A7}.Release|x64.ActiveCfg = Release|Any CPU
		{18775C40-E495-40F4-8E1A-BD8DF03032A7}.Release|x64.Build.0 = Release|Any CPU
		{18775C40-E495-40F4-8E1A-BD8DF03032A7}.Release|x86.ActiveCfg = Release|Any CPU
		{18775C40-E495-40F4-8E1A-BD8DF03032A7}.Release|x86.Build.0 = Release|Any CPU
		{DCE0CFD0-2617-4061-A2EA-2BF12DD1C4A2}.Debug|Any CPU.ActiveCfg = Debug|Any CPU
		{DCE0CFD0-2617-4061-A2EA-2BF12DD1C4A2}.Debug|Any CPU.Build.0 = Debug|Any CPU
		{DCE0CFD0-2617-4061-A2EA-2BF12DD1C4A2}.Debug|ARM.ActiveCfg = Debug|Any CPU
		{DCE0CFD0-2617-4061-A2EA-2BF12DD1C4A2}.Debug|ARM.Build.0 = Debug|Any CPU
		{DCE0CFD0-2617-4061-A2EA-2BF12DD1C4A2}.Debug|x64.ActiveCfg = Debug|Any CPU
		{DCE0CFD0-2617-4061-A2EA-2BF12DD1C4A2}.Debug|x64.Build.0 = Debug|Any CPU
		{DCE0CFD0-2617-4061-A2EA-2BF12DD1C4A2}.Debug|x86.ActiveCfg = Debug|Any CPU
		{DCE0CFD0-2617-4061-A2EA-2BF12DD1C4A2}.Debug|x86.Build.0 = Debug|Any CPU
		{DCE0CFD0-2617-4061-A2EA-2BF12DD1C4A2}.Release|Any CPU.ActiveCfg = Release|Any CPU
		{DCE0CFD0-2617-4061-A2EA-2BF12DD1C4A2}.Release|Any CPU.Build.0 = Release|Any CPU
		{DCE0CFD0-2617-4061-A2EA-2BF12DD1C4A2}.Release|ARM.ActiveCfg = Release|Any CPU
		{DCE0CFD0-2617-4061-A2EA-2BF12DD1C4A2}.Release|ARM.Build.0 = Release|Any CPU
		{DCE0CFD0-2617-4061-A2EA-2BF12DD1C4A2}.Release|x64.ActiveCfg = Release|Any CPU
		{DCE0CFD0-2617-4061-A2EA-2BF12DD1C4A2}.Release|x64.Build.0 = Release|Any CPU
		{DCE0CFD0-2617-4061-A2EA-2BF12DD1C4A2}.Release|x86.ActiveCfg = Release|Any CPU
		{DCE0CFD0-2617-4061-A2EA-2BF12DD1C4A2}.Release|x86.Build.0 = Release|Any CPU
		{465C963C-6921-4F51-9FE7-78C0A0B11E37}.Debug|Any CPU.ActiveCfg = Debug|Any CPU
		{465C963C-6921-4F51-9FE7-78C0A0B11E37}.Debug|Any CPU.Build.0 = Debug|Any CPU
		{465C963C-6921-4F51-9FE7-78C0A0B11E37}.Debug|ARM.ActiveCfg = Debug|Any CPU
		{465C963C-6921-4F51-9FE7-78C0A0B11E37}.Debug|ARM.Build.0 = Debug|Any CPU
		{465C963C-6921-4F51-9FE7-78C0A0B11E37}.Debug|x64.ActiveCfg = Debug|Any CPU
		{465C963C-6921-4F51-9FE7-78C0A0B11E37}.Debug|x64.Build.0 = Debug|Any CPU
		{465C963C-6921-4F51-9FE7-78C0A0B11E37}.Debug|x86.ActiveCfg = Debug|Any CPU
		{465C963C-6921-4F51-9FE7-78C0A0B11E37}.Debug|x86.Build.0 = Debug|Any CPU
		{465C963C-6921-4F51-9FE7-78C0A0B11E37}.Release|Any CPU.ActiveCfg = Release|Any CPU
		{465C963C-6921-4F51-9FE7-78C0A0B11E37}.Release|Any CPU.Build.0 = Release|Any CPU
		{465C963C-6921-4F51-9FE7-78C0A0B11E37}.Release|ARM.ActiveCfg = Release|Any CPU
		{465C963C-6921-4F51-9FE7-78C0A0B11E37}.Release|ARM.Build.0 = Release|Any CPU
		{465C963C-6921-4F51-9FE7-78C0A0B11E37}.Release|x64.ActiveCfg = Release|Any CPU
		{465C963C-6921-4F51-9FE7-78C0A0B11E37}.Release|x64.Build.0 = Release|Any CPU
		{465C963C-6921-4F51-9FE7-78C0A0B11E37}.Release|x86.ActiveCfg = Release|Any CPU
		{465C963C-6921-4F51-9FE7-78C0A0B11E37}.Release|x86.Build.0 = Release|Any CPU
		{EF06706C-D157-470E-87E4-2020A9C12969}.Debug|Any CPU.ActiveCfg = Debug|Any CPU
		{EF06706C-D157-470E-87E4-2020A9C12969}.Debug|Any CPU.Build.0 = Debug|Any CPU
		{EF06706C-D157-470E-87E4-2020A9C12969}.Debug|ARM.ActiveCfg = Debug|Any CPU
		{EF06706C-D157-470E-87E4-2020A9C12969}.Debug|ARM.Build.0 = Debug|Any CPU
		{EF06706C-D157-470E-87E4-2020A9C12969}.Debug|x64.ActiveCfg = Debug|Any CPU
		{EF06706C-D157-470E-87E4-2020A9C12969}.Debug|x64.Build.0 = Debug|Any CPU
		{EF06706C-D157-470E-87E4-2020A9C12969}.Debug|x86.ActiveCfg = Debug|Any CPU
		{EF06706C-D157-470E-87E4-2020A9C12969}.Debug|x86.Build.0 = Debug|Any CPU
		{EF06706C-D157-470E-87E4-2020A9C12969}.Release|Any CPU.ActiveCfg = Release|Any CPU
		{EF06706C-D157-470E-87E4-2020A9C12969}.Release|Any CPU.Build.0 = Release|Any CPU
		{EF06706C-D157-470E-87E4-2020A9C12969}.Release|ARM.ActiveCfg = Release|Any CPU
		{EF06706C-D157-470E-87E4-2020A9C12969}.Release|ARM.Build.0 = Release|Any CPU
		{EF06706C-D157-470E-87E4-2020A9C12969}.Release|x64.ActiveCfg = Release|Any CPU
		{EF06706C-D157-470E-87E4-2020A9C12969}.Release|x64.Build.0 = Release|Any CPU
		{EF06706C-D157-470E-87E4-2020A9C12969}.Release|x86.ActiveCfg = Release|Any CPU
		{EF06706C-D157-470E-87E4-2020A9C12969}.Release|x86.Build.0 = Release|Any CPU
		{BDC5BA71-8084-4C43-AF79-8D400AC5E751}.Debug|Any CPU.ActiveCfg = Debug|Any CPU
		{BDC5BA71-8084-4C43-AF79-8D400AC5E751}.Debug|Any CPU.Build.0 = Debug|Any CPU
		{BDC5BA71-8084-4C43-AF79-8D400AC5E751}.Debug|ARM.ActiveCfg = Debug|Any CPU
		{BDC5BA71-8084-4C43-AF79-8D400AC5E751}.Debug|ARM.Build.0 = Debug|Any CPU
		{BDC5BA71-8084-4C43-AF79-8D400AC5E751}.Debug|x64.ActiveCfg = Debug|Any CPU
		{BDC5BA71-8084-4C43-AF79-8D400AC5E751}.Debug|x64.Build.0 = Debug|Any CPU
		{BDC5BA71-8084-4C43-AF79-8D400AC5E751}.Debug|x86.ActiveCfg = Debug|Any CPU
		{BDC5BA71-8084-4C43-AF79-8D400AC5E751}.Debug|x86.Build.0 = Debug|Any CPU
		{BDC5BA71-8084-4C43-AF79-8D400AC5E751}.Release|Any CPU.ActiveCfg = Release|Any CPU
		{BDC5BA71-8084-4C43-AF79-8D400AC5E751}.Release|Any CPU.Build.0 = Release|Any CPU
		{BDC5BA71-8084-4C43-AF79-8D400AC5E751}.Release|ARM.ActiveCfg = Release|Any CPU
		{BDC5BA71-8084-4C43-AF79-8D400AC5E751}.Release|ARM.Build.0 = Release|Any CPU
		{BDC5BA71-8084-4C43-AF79-8D400AC5E751}.Release|x64.ActiveCfg = Release|Any CPU
		{BDC5BA71-8084-4C43-AF79-8D400AC5E751}.Release|x64.Build.0 = Release|Any CPU
		{BDC5BA71-8084-4C43-AF79-8D400AC5E751}.Release|x86.ActiveCfg = Release|Any CPU
		{BDC5BA71-8084-4C43-AF79-8D400AC5E751}.Release|x86.Build.0 = Release|Any CPU
		{477D52FE-3070-438B-AAFA-213B586522D5}.Debug|Any CPU.ActiveCfg = Debug|Any CPU
		{477D52FE-3070-438B-AAFA-213B586522D5}.Debug|Any CPU.Build.0 = Debug|Any CPU
		{477D52FE-3070-438B-AAFA-213B586522D5}.Debug|ARM.ActiveCfg = Debug|Any CPU
		{477D52FE-3070-438B-AAFA-213B586522D5}.Debug|ARM.Build.0 = Debug|Any CPU
		{477D52FE-3070-438B-AAFA-213B586522D5}.Debug|x64.ActiveCfg = Debug|Any CPU
		{477D52FE-3070-438B-AAFA-213B586522D5}.Debug|x64.Build.0 = Debug|Any CPU
		{477D52FE-3070-438B-AAFA-213B586522D5}.Debug|x86.ActiveCfg = Debug|Any CPU
		{477D52FE-3070-438B-AAFA-213B586522D5}.Debug|x86.Build.0 = Debug|Any CPU
		{477D52FE-3070-438B-AAFA-213B586522D5}.Release|Any CPU.ActiveCfg = Release|Any CPU
		{477D52FE-3070-438B-AAFA-213B586522D5}.Release|Any CPU.Build.0 = Release|Any CPU
		{477D52FE-3070-438B-AAFA-213B586522D5}.Release|ARM.ActiveCfg = Release|Any CPU
		{477D52FE-3070-438B-AAFA-213B586522D5}.Release|ARM.Build.0 = Release|Any CPU
		{477D52FE-3070-438B-AAFA-213B586522D5}.Release|x64.ActiveCfg = Release|Any CPU
		{477D52FE-3070-438B-AAFA-213B586522D5}.Release|x64.Build.0 = Release|Any CPU
		{477D52FE-3070-438B-AAFA-213B586522D5}.Release|x86.ActiveCfg = Release|Any CPU
		{477D52FE-3070-438B-AAFA-213B586522D5}.Release|x86.Build.0 = Release|Any CPU
		{6AEB3AFF-3D3B-45F5-AD0D-80F2A85DE1A3}.Debug|Any CPU.ActiveCfg = Debug|Any CPU
		{6AEB3AFF-3D3B-45F5-AD0D-80F2A85DE1A3}.Debug|Any CPU.Build.0 = Debug|Any CPU
		{6AEB3AFF-3D3B-45F5-AD0D-80F2A85DE1A3}.Debug|ARM.ActiveCfg = Debug|Any CPU
		{6AEB3AFF-3D3B-45F5-AD0D-80F2A85DE1A3}.Debug|ARM.Build.0 = Debug|Any CPU
		{6AEB3AFF-3D3B-45F5-AD0D-80F2A85DE1A3}.Debug|x64.ActiveCfg = Debug|Any CPU
		{6AEB3AFF-3D3B-45F5-AD0D-80F2A85DE1A3}.Debug|x64.Build.0 = Debug|Any CPU
		{6AEB3AFF-3D3B-45F5-AD0D-80F2A85DE1A3}.Debug|x86.ActiveCfg = Debug|Any CPU
		{6AEB3AFF-3D3B-45F5-AD0D-80F2A85DE1A3}.Debug|x86.Build.0 = Debug|Any CPU
		{6AEB3AFF-3D3B-45F5-AD0D-80F2A85DE1A3}.Release|Any CPU.ActiveCfg = Release|Any CPU
		{6AEB3AFF-3D3B-45F5-AD0D-80F2A85DE1A3}.Release|Any CPU.Build.0 = Release|Any CPU
		{6AEB3AFF-3D3B-45F5-AD0D-80F2A85DE1A3}.Release|ARM.ActiveCfg = Release|Any CPU
		{6AEB3AFF-3D3B-45F5-AD0D-80F2A85DE1A3}.Release|ARM.Build.0 = Release|Any CPU
		{6AEB3AFF-3D3B-45F5-AD0D-80F2A85DE1A3}.Release|x64.ActiveCfg = Release|Any CPU
		{6AEB3AFF-3D3B-45F5-AD0D-80F2A85DE1A3}.Release|x64.Build.0 = Release|Any CPU
		{6AEB3AFF-3D3B-45F5-AD0D-80F2A85DE1A3}.Release|x86.ActiveCfg = Release|Any CPU
		{6AEB3AFF-3D3B-45F5-AD0D-80F2A85DE1A3}.Release|x86.Build.0 = Release|Any CPU
		{6F6DF578-72A9-4014-A4DD-DB80DF355E0D}.Debug|Any CPU.ActiveCfg = Debug|Any CPU
		{6F6DF578-72A9-4014-A4DD-DB80DF355E0D}.Debug|Any CPU.Build.0 = Debug|Any CPU
		{6F6DF578-72A9-4014-A4DD-DB80DF355E0D}.Debug|ARM.ActiveCfg = Debug|Any CPU
		{6F6DF578-72A9-4014-A4DD-DB80DF355E0D}.Debug|ARM.Build.0 = Debug|Any CPU
		{6F6DF578-72A9-4014-A4DD-DB80DF355E0D}.Debug|x64.ActiveCfg = Debug|Any CPU
		{6F6DF578-72A9-4014-A4DD-DB80DF355E0D}.Debug|x64.Build.0 = Debug|Any CPU
		{6F6DF578-72A9-4014-A4DD-DB80DF355E0D}.Debug|x86.ActiveCfg = Debug|Any CPU
		{6F6DF578-72A9-4014-A4DD-DB80DF355E0D}.Debug|x86.Build.0 = Debug|Any CPU
		{6F6DF578-72A9-4014-A4DD-DB80DF355E0D}.Release|Any CPU.ActiveCfg = Release|Any CPU
		{6F6DF578-72A9-4014-A4DD-DB80DF355E0D}.Release|Any CPU.Build.0 = Release|Any CPU
		{6F6DF578-72A9-4014-A4DD-DB80DF355E0D}.Release|ARM.ActiveCfg = Release|Any CPU
		{6F6DF578-72A9-4014-A4DD-DB80DF355E0D}.Release|ARM.Build.0 = Release|Any CPU
		{6F6DF578-72A9-4014-A4DD-DB80DF355E0D}.Release|x64.ActiveCfg = Release|Any CPU
		{6F6DF578-72A9-4014-A4DD-DB80DF355E0D}.Release|x64.Build.0 = Release|Any CPU
		{6F6DF578-72A9-4014-A4DD-DB80DF355E0D}.Release|x86.ActiveCfg = Release|Any CPU
		{6F6DF578-72A9-4014-A4DD-DB80DF355E0D}.Release|x86.Build.0 = Release|Any CPU
	EndGlobalSection
	GlobalSection(SolutionProperties) = preSolution
		HideSolutionNode = FALSE
	EndGlobalSection
	GlobalSection(NestedProjects) = preSolution
		{F8AA8218-1E36-483A-80B4-1BA49FD43E35} = {E20B2508-368F-438B-8594-61B0478407F7}
		{598C9D8A-4678-4493-9B49-701485654D10} = {5DD41613-BD2B-4912-968E-6C3E68E99A5D}
		{A68BE8F1-ACB2-476D-81C9-BB35D1B995E5} = {7D4E1969-280B-4B5E-B247-7C6AD9245861}
		{AE60D74D-73D1-4A7D-BC87-30627DF4CE0A} = {7D4E1969-280B-4B5E-B247-7C6AD9245861}
		{7B5ED026-9433-4963-95FB-3839EB248CB0} = {5DD41613-BD2B-4912-968E-6C3E68E99A5D}
		{18775C40-E495-40F4-8E1A-BD8DF03032A7} = {E20B2508-368F-438B-8594-61B0478407F7}
		{DCE0CFD0-2617-4061-A2EA-2BF12DD1C4A2} = {5DD41613-BD2B-4912-968E-6C3E68E99A5D}
		{465C963C-6921-4F51-9FE7-78C0A0B11E37} = {4121C2AA-ACD7-4403-90F3-4ECED0F284CC}
		{EF06706C-D157-470E-87E4-2020A9C12969} = {CB37100C-1CDD-4169-8E68-16B643955DF6}
		{BDC5BA71-8084-4C43-AF79-8D400AC5E751} = {4121C2AA-ACD7-4403-90F3-4ECED0F284CC}
		{477D52FE-3070-438B-AAFA-213B586522D5} = {BAE37C28-83F5-4892-8542-CFA9D0F845FF}
		{6AEB3AFF-3D3B-45F5-AD0D-80F2A85DE1A3} = {BAE37C28-83F5-4892-8542-CFA9D0F845FF}
		{6F6DF578-72A9-4014-A4DD-DB80DF355E0D} = {BAE37C28-83F5-4892-8542-CFA9D0F845FF}
	EndGlobalSection
	GlobalSection(ExtensibilityGlobals) = postSolution
		SolutionGuid = {4E088952-E7AB-403B-813E-6A991E6A4FD8}
	EndGlobalSection
EndGlobal
